
Microsoft Visual Studio Solution File, Format Version 12.00
# Visual Studio 15
Project("{FAE04EC0-301F-11D3-BF4B-00C04F79EFBC}") = "Assembly-CSharp", "Assembly-CSharp.csproj", "{F5EC6015-D9DC-F626-15A3-61EDEAD33505}"
EndProject
Project("{FAE04EC0-301F-11D3-BF4B-00C04F79EFBC}") = "Assembly-CSharp-Editor", "Assembly-CSharp-Editor.csproj", "{C187644F-5EEF-0871-C58F-305BE000E420}"
EndProject
Global
	GlobalSection(SolutionConfigurationPlatforms) = preSolution
		Debug|Any CPU = Debug|Any CPU
		Release|Any CPU = Release|Any CPU
	EndGlobalSection
	GlobalSection(ProjectConfigurationPlatforms) = postSolution
		{F5EC6015-D9DC-F626-15A3-61EDEAD33505}.Debug|Any CPU.ActiveCfg = Debug|Any CPU
		{F5EC6015-D9DC-F626-15A3-61EDEAD33505}.Debug|Any CPU.Build.0 = Debug|Any CPU
		{F5EC6015-D9DC-F626-15A3-61EDEAD33505}.Release|Any CPU.ActiveCfg = Release|Any CPU
		{F5EC6015-D9DC-F626-15A3-61EDEAD33505}.Release|Any CPU.Build.0 = Release|Any CPU
		{C187644F-5EEF-0871-C58F-305BE000E420}.Debug|Any CPU.ActiveCfg = Debug|Any CPU
		{C187644F-5EEF-0871-C58F-305BE000E420}.Debug|Any CPU.Build.0 = Debug|Any CPU
		{C187644F-5EEF-0871-C58F-305BE000E420}.Release|Any CPU.ActiveCfg = Release|Any CPU
		{C187644F-5EEF-0871-C58F-305BE000E420}.Release|Any CPU.Build.0 = Release|Any CPU
	EndGlobalSection
	GlobalSection(SolutionProperties) = preSolution
		HideSolutionNode = FALSE
	EndGlobalSection
EndGlobal
